
Microsoft Visual Studio Solution File, Format Version 12.00
# Visual Studio Version 16
VisualStudioVersion = 16.0.30011.22
MinimumVisualStudioVersion = 10.0.40219.1
Project("{FAE04EC0-301F-11D3-BF4B-00C04F79EFBC}") = "Interpolation Assignment", "Interpolation Assignment.csproj", "{2FBBAD04-8810-49B9-86DB-C92BE1A7E60B}"
EndProject
Global
	GlobalSection(SolutionConfigurationPlatforms) = preSolution
		Debug|Any CPU = Debug|Any CPU
		Release|Any CPU = Release|Any CPU
	EndGlobalSection
	GlobalSection(ProjectConfigurationPlatforms) = postSolution
		{2FBBAD04-8810-49B9-86DB-C92BE1A7E60B}.Debug|Any CPU.ActiveCfg = Debug|Any CPU
		{2FBBAD04-8810-49B9-86DB-C92BE1A7E60B}.Debug|Any CPU.Build.0 = Debug|Any CPU
		{2FBBAD04-8810-49B9-86DB-C92BE1A7E60B}.Release|Any CPU.ActiveCfg = Release|Any CPU
		{2FBBAD04-8810-49B9-86DB-C92BE1A7E60B}.Release|Any CPU.Build.0 = Release|Any CPU
	EndGlobalSection
	GlobalSection(SolutionProperties) = preSolution
		HideSolutionNode = FALSE
	EndGlobalSection
	GlobalSection(ExtensibilityGlobals) = postSolution
		SolutionGuid = {73B0487E-BBD2-40EC-AF06-4479545898B7}
	EndGlobalSection
EndGlobal
